
Microsoft Visual Studio Solution File, Format Version 12.00
# Visual Studio Version 17
VisualStudioVersion = 17.9.34728.123
MinimumVisualStudioVersion = 10.0.40219.1
Project("{FAE04EC0-301F-11D3-BF4B-00C04F79EFBC}") = "MailKitChineseAttachment", "MailKitChineseAttachment\MailKitChineseAttachment.csproj", "{B7DED374-A910-4785-8881-CD756D75E87B}"
EndProject
Global
	GlobalSection(SolutionConfigurationPlatforms) = preSolution
		Debug|Any CPU = Debug|Any CPU
		Release|Any CPU = Release|Any CPU
	EndGlobalSection
	GlobalSection(ProjectConfigurationPlatforms) = postSolution
		{B7DED374-A910-4785-8881-CD756D75E87B}.Debug|Any CPU.ActiveCfg = Debug|Any CPU
		{B7DED374-A910-4785-8881-CD756D75E87B}.Debug|Any CPU.Build.0 = Debug|Any CPU
		{B7DED374-A910-4785-8881-CD756D75E87B}.Release|Any CPU.ActiveCfg = Release|Any CPU
		{B7DED374-A910-4785-8881-CD756D75E87B}.Release|Any CPU.Build.0 = Release|Any CPU
	EndGlobalSection
	GlobalSection(SolutionProperties) = preSolution
		HideSolutionNode = FALSE
	EndGlobalSection
	GlobalSection(ExtensibilityGlobals) = postSolution
		SolutionGuid = {E1201057-DADE-4C34-9A63-83D62F360FB1}
	EndGlobalSection
EndGlobal
